
Microsoft Visual Studio Solution File, Format Version 12.00
# Visual Studio Version 17
VisualStudioVersion = 17.7.34202.233
MinimumVisualStudioVersion = 10.0.40219.1
Project("{9A19103F-16F7-4668-BE54-9A1E7A4F7556}") = "UniversalOptimizer", "UniversalOptimizer\UniversalOptimizer.csproj", "{D444CB84-2B4F-4D4C-A30E-A6B85CCA82B4}"
EndProject
Project("{2150E333-8FDC-42A3-9474-1A3956D46DE8}") = "Tools", "Tools", "{BCBD56A8-471A-4D2A-AA73-C91240382D47}"
EndProject
Project("{9A19103F-16F7-4668-BE54-9A1E7A4F7556}") = "TransformationGraphFiles", "Tools\tranformation.graph.files\TransformationGraphFiles\TransformationGraphFiles.csproj", "{CEC6E848-97AD-4417-9D9F-ECF154CF9173}"
EndProject
Project("{9A19103F-16F7-4668-BE54-9A1E7A4F7556}") = "TransformationProblemInstances", "Tools\transformation.problem.instance\TransformationProblemInstances\TransformationProblemInstances.csproj", "{00E73DEF-C27E-43F1-AB33-656F754D5218}"
EndProject
Project("{2150E333-8FDC-42A3-9474-1A3956D46DE8}") = "Optimizers", "Optimizers", "{5DF1C3F1-41AF-4CD6-86CA-7AC6A3E1BCE9}"
EndProject
Project("{9A19103F-16F7-4668-BE54-9A1E7A4F7556}") = "UniversalOptimizerTest", "UniversalOptimizerTest\UniversalOptimizerTest.csproj", "{0AB5F040-75B0-4E68-9E03-F5B5D7443647}"
EndProject
Project("{2150E333-8FDC-42A3-9474-1A3956D46DE8}") = "MultiObjective", "MultiObjective", "{354289B5-18EE-46C5-8B5C-E4AA40A6B268}"
EndProject
Project("{2150E333-8FDC-42A3-9474-1A3956D46DE8}") = "SingleObjective", "SingleObjective", "{19072A69-ED35-4FD9-BC42-2EE602AD4B31}"
EndProject
Project("{2150E333-8FDC-42A3-9474-1A3956D46DE8}") = "Global", "Global", "{EB16945C-4EBB-428D-9699-CF9F728BC93A}"
EndProject
Project("{2150E333-8FDC-42A3-9474-1A3956D46DE8}") = "Combinatorial", "Combinatorial", "{B61A3726-DD31-4AED-8C63-601883D89EDC}"
EndProject
Project("{9A19103F-16F7-4668-BE54-9A1E7A4F7556}") = "OnesCountProblemMaxSolver", "Optimizers\SingleObjective\Combinatorial\OnesCountProblemMaxSolver\OnesCountProblemMaxSolver.csproj", "{7136FEF8-B630-4C01-BBDE-487AF6665126}"
EndProject
Project("{9A19103F-16F7-4668-BE54-9A1E7A4F7556}") = "FunctionOneVariableProblemMaxSolver", "Optimizers\SingleObjective\Global\FunctionOneVariableProblemMaxSolver\FunctionOneVariableProblemMaxSolver.csproj", "{078A15EA-5035-4A0E-9BA7-A9A36FAA7BD8}"
EndProject
Project("{2150E333-8FDC-42A3-9474-1A3956D46DE8}") = "Constraint", "Constraint", "{1958A5D4-A4CB-4379-889A-9CE8106B35CF}"
EndProject
Global
	GlobalSection(SolutionConfigurationPlatforms) = preSolution
		Debug|Any CPU = Debug|Any CPU
		Release|Any CPU = Release|Any CPU
	EndGlobalSection
	GlobalSection(ProjectConfigurationPlatforms) = postSolution
		{D444CB84-2B4F-4D4C-A30E-A6B85CCA82B4}.Debug|Any CPU.ActiveCfg = Debug|Any CPU
		{D444CB84-2B4F-4D4C-A30E-A6B85CCA82B4}.Debug|Any CPU.Build.0 = Debug|Any CPU
		{D444CB84-2B4F-4D4C-A30E-A6B85CCA82B4}.Release|Any CPU.ActiveCfg = Release|Any CPU
		{D444CB84-2B4F-4D4C-A30E-A6B85CCA82B4}.Release|Any CPU.Build.0 = Release|Any CPU
		{CEC6E848-97AD-4417-9D9F-ECF154CF9173}.Debug|Any CPU.ActiveCfg = Debug|Any CPU
		{CEC6E848-97AD-4417-9D9F-ECF154CF9173}.Debug|Any CPU.Build.0 = Debug|Any CPU
		{CEC6E848-97AD-4417-9D9F-ECF154CF9173}.Release|Any CPU.ActiveCfg = Release|Any CPU
		{CEC6E848-97AD-4417-9D9F-ECF154CF9173}.Release|Any CPU.Build.0 = Release|Any CPU
		{00E73DEF-C27E-43F1-AB33-656F754D5218}.Debug|Any CPU.ActiveCfg = Debug|Any CPU
		{00E73DEF-C27E-43F1-AB33-656F754D5218}.Debug|Any CPU.Build.0 = Debug|Any CPU
		{00E73DEF-C27E-43F1-AB33-656F754D5218}.Release|Any CPU.ActiveCfg = Release|Any CPU
		{00E73DEF-C27E-43F1-AB33-656F754D5218}.Release|Any CPU.Build.0 = Release|Any CPU
		{0AB5F040-75B0-4E68-9E03-F5B5D7443647}.Debug|Any CPU.ActiveCfg = Debug|Any CPU
		{0AB5F040-75B0-4E68-9E03-F5B5D7443647}.Debug|Any CPU.Build.0 = Debug|Any CPU
		{0AB5F040-75B0-4E68-9E03-F5B5D7443647}.Release|Any CPU.ActiveCfg = Release|Any CPU
		{0AB5F040-75B0-4E68-9E03-F5B5D7443647}.Release|Any CPU.Build.0 = Release|Any CPU
		{7136FEF8-B630-4C01-BBDE-487AF6665126}.Debug|Any CPU.ActiveCfg = Debug|Any CPU
		{7136FEF8-B630-4C01-BBDE-487AF6665126}.Debug|Any CPU.Build.0 = Debug|Any CPU
		{7136FEF8-B630-4C01-BBDE-487AF6665126}.Release|Any CPU.ActiveCfg = Release|Any CPU
		{7136FEF8-B630-4C01-BBDE-487AF6665126}.Release|Any CPU.Build.0 = Release|Any CPU
		{078A15EA-5035-4A0E-9BA7-A9A36FAA7BD8}.Debug|Any CPU.ActiveCfg = Debug|Any CPU
		{078A15EA-5035-4A0E-9BA7-A9A36FAA7BD8}.Debug|Any CPU.Build.0 = Debug|Any CPU
		{078A15EA-5035-4A0E-9BA7-A9A36FAA7BD8}.Release|Any CPU.ActiveCfg = Release|Any CPU
		{078A15EA-5035-4A0E-9BA7-A9A36FAA7BD8}.Release|Any CPU.Build.0 = Release|Any CPU
	EndGlobalSection
	GlobalSection(SolutionProperties) = preSolution
		HideSolutionNode = FALSE
	EndGlobalSection
	GlobalSection(NestedProjects) = preSolution
		{CEC6E848-97AD-4417-9D9F-ECF154CF9173} = {BCBD56A8-471A-4D2A-AA73-C91240382D47}
		{00E73DEF-C27E-43F1-AB33-656F754D5218} = {BCBD56A8-471A-4D2A-AA73-C91240382D47}
		{354289B5-18EE-46C5-8B5C-E4AA40A6B268} = {5DF1C3F1-41AF-4CD6-86CA-7AC6A3E1BCE9}
		{19072A69-ED35-4FD9-BC42-2EE602AD4B31} = {5DF1C3F1-41AF-4CD6-86CA-7AC6A3E1BCE9}
		{EB16945C-4EBB-428D-9699-CF9F728BC93A} = {19072A69-ED35-4FD9-BC42-2EE602AD4B31}
		{B61A3726-DD31-4AED-8C63-601883D89EDC} = {19072A69-ED35-4FD9-BC42-2EE602AD4B31}
		{7136FEF8-B630-4C01-BBDE-487AF6665126} = {B61A3726-DD31-4AED-8C63-601883D89EDC}
		{078A15EA-5035-4A0E-9BA7-A9A36FAA7BD8} = {EB16945C-4EBB-428D-9699-CF9F728BC93A}
		{1958A5D4-A4CB-4379-889A-9CE8106B35CF} = {19072A69-ED35-4FD9-BC42-2EE602AD4B31}
	EndGlobalSection
	GlobalSection(ExtensibilityGlobals) = postSolution
		SolutionGuid = {0E9C1655-9598-4E24-962A-C12A47F4906D}
	EndGlobalSection
EndGlobal
