
Microsoft Visual Studio Solution File, Format Version 12.00
# Visual Studio Version 17
VisualStudioVersion = 17.7.34202.233
MinimumVisualStudioVersion = 10.0.40219.1
Project("{9A19103F-16F7-4668-BE54-9A1E7A4F7556}") = "UniversalOptimizer", "UniversalOptimizer\UniversalOptimizer.csproj", "{D444CB84-2B4F-4D4C-A30E-A6B85CCA82B4}"
EndProject
Project("{2150E333-8FDC-42A3-9474-1A3956D46DE8}") = "Tools", "Tools", "{BCBD56A8-471A-4D2A-AA73-C91240382D47}"
EndProject
Project("{FAE04EC0-301F-11D3-BF4B-00C04F79EFBC}") = "TransformationGraphFiles", "Tools\tranformation.graph.files\TransformationGraphFiles\TransformationGraphFiles.csproj", "{CEC6E848-97AD-4417-9D9F-ECF154CF9173}"
EndProject
Project("{FAE04EC0-301F-11D3-BF4B-00C04F79EFBC}") = "TransformationProblemInstances", "Tools\transformation.problem.instance\TransformationProblemInstances\TransformationProblemInstances.csproj", "{00E73DEF-C27E-43F1-AB33-656F754D5218}"
EndProject
Global
	GlobalSection(SolutionConfigurationPlatforms) = preSolution
		Debug|Any CPU = Debug|Any CPU
		Release|Any CPU = Release|Any CPU
	EndGlobalSection
	GlobalSection(ProjectConfigurationPlatforms) = postSolution
		{D444CB84-2B4F-4D4C-A30E-A6B85CCA82B4}.Debug|Any CPU.ActiveCfg = Debug|Any CPU
		{D444CB84-2B4F-4D4C-A30E-A6B85CCA82B4}.Debug|Any CPU.Build.0 = Debug|Any CPU
		{D444CB84-2B4F-4D4C-A30E-A6B85CCA82B4}.Release|Any CPU.ActiveCfg = Release|Any CPU
		{D444CB84-2B4F-4D4C-A30E-A6B85CCA82B4}.Release|Any CPU.Build.0 = Release|Any CPU
		{CEC6E848-97AD-4417-9D9F-ECF154CF9173}.Debug|Any CPU.ActiveCfg = Debug|Any CPU
		{CEC6E848-97AD-4417-9D9F-ECF154CF9173}.Debug|Any CPU.Build.0 = Debug|Any CPU
		{CEC6E848-97AD-4417-9D9F-ECF154CF9173}.Release|Any CPU.ActiveCfg = Release|Any CPU
		{CEC6E848-97AD-4417-9D9F-ECF154CF9173}.Release|Any CPU.Build.0 = Release|Any CPU
		{00E73DEF-C27E-43F1-AB33-656F754D5218}.Debug|Any CPU.ActiveCfg = Debug|Any CPU
		{00E73DEF-C27E-43F1-AB33-656F754D5218}.Debug|Any CPU.Build.0 = Debug|Any CPU
		{00E73DEF-C27E-43F1-AB33-656F754D5218}.Release|Any CPU.ActiveCfg = Release|Any CPU
		{00E73DEF-C27E-43F1-AB33-656F754D5218}.Release|Any CPU.Build.0 = Release|Any CPU
	EndGlobalSection
	GlobalSection(SolutionProperties) = preSolution
		HideSolutionNode = FALSE
	EndGlobalSection
	GlobalSection(NestedProjects) = preSolution
		{CEC6E848-97AD-4417-9D9F-ECF154CF9173} = {BCBD56A8-471A-4D2A-AA73-C91240382D47}
		{00E73DEF-C27E-43F1-AB33-656F754D5218} = {BCBD56A8-471A-4D2A-AA73-C91240382D47}
	EndGlobalSection
	GlobalSection(ExtensibilityGlobals) = postSolution
		SolutionGuid = {0E9C1655-9598-4E24-962A-C12A47F4906D}
	EndGlobalSection
EndGlobal
